// !$*UTF8*$!
{
	archiveVersion = 1;
	classes = {
	};
	objectVersion = 46;
	objects = {

/* Begin PBXBuildFile section */
		CF0DF1F91E5E8221006AD652 /* Lato-Black.ttf in Resources */ = {isa = PBXBuildFile; fileRef = CF0DF1F31E5E8220006AD652 /* Lato-Black.ttf */; };
		CF0DF1FA1E5E8221006AD652 /* Lato-Bold.ttf in Resources */ = {isa = PBXBuildFile; fileRef = CF0DF1F41E5E8220006AD652 /* Lato-Bold.ttf */; };
		CF0DF1FB1E5E8221006AD652 /* SF-UI-Text-Bold.otf in Resources */ = {isa = PBXBuildFile; fileRef = CF0DF1F51E5E8221006AD652 /* SF-UI-Text-Bold.otf */; };
		CF0DF1FC1E5E8221006AD652 /* SF-UI-Text-Medium.otf in Resources */ = {isa = PBXBuildFile; fileRef = CF0DF1F61E5E8221006AD652 /* SF-UI-Text-Medium.otf */; };
		CF0DF1FD1E5E8221006AD652 /* SF-UI-Text-Regular.otf in Resources */ = {isa = PBXBuildFile; fileRef = CF0DF1F71E5E8221006AD652 /* SF-UI-Text-Regular.otf */; };
		CF0DF1FE1E5E8221006AD652 /* SF-UI-Text-Semibold.otf in Resources */ = {isa = PBXBuildFile; fileRef = CF0DF1F81E5E8221006AD652 /* SF-UI-Text-Semibold.otf */; };
		CF0DF2001E5EB20D006AD652 /* Constants.swift in Sources */ = {isa = PBXBuildFile; fileRef = CF0DF1FF1E5EB20D006AD652 /* Constants.swift */; };
		CF0DF2021E5EB2AC006AD652 /* AppNavigationControllerDelegate.swift in Sources */ = {isa = PBXBuildFile; fileRef = CF0DF2011E5EB2AC006AD652 /* AppNavigationControllerDelegate.swift */; };
		CF4247E91E62596A004CF481 /* Model.xcdatamodeld in Sources */ = {isa = PBXBuildFile; fileRef = CF4247E71E62596A004CF481 /* Model.xcdatamodeld */; };
		CF4247EB1E62606E004CF481 /* CoreDataStack.swift in Sources */ = {isa = PBXBuildFile; fileRef = CF4247EA1E62606E004CF481 /* CoreDataStack.swift */; };
		CF4247FE1E62646D004CF481 /* Preset+CoreDataClass.swift in Sources */ = {isa = PBXBuildFile; fileRef = CF4247F81E62646D004CF481 /* Preset+CoreDataClass.swift */; };
		CF4247FF1E62646D004CF481 /* Preset+CoreDataProperties.swift in Sources */ = {isa = PBXBuildFile; fileRef = CF4247F91E62646D004CF481 /* Preset+CoreDataProperties.swift */; };
		CF4248001E62646D004CF481 /* Pin+CoreDataClass.swift in Sources */ = {isa = PBXBuildFile; fileRef = CF4247FA1E62646D004CF481 /* Pin+CoreDataClass.swift */; };
		CF4248011E62646D004CF481 /* Pin+CoreDataProperties.swift in Sources */ = {isa = PBXBuildFile; fileRef = CF4247FB1E62646D004CF481 /* Pin+CoreDataProperties.swift */; };
		CF4248021E62646D004CF481 /* Photo+CoreDataClass.swift in Sources */ = {isa = PBXBuildFile; fileRef = CF4247FC1E62646D004CF481 /* Photo+CoreDataClass.swift */; };
		CF4248031E62646D004CF481 /* Photo+CoreDataProperties.swift in Sources */ = {isa = PBXBuildFile; fileRef = CF4247FD1E62646D004CF481 /* Photo+CoreDataProperties.swift */; };
		CF518F5A1E5BE37400F6609B /* AppDelegate.swift in Sources */ = {isa = PBXBuildFile; fileRef = CF518F591E5BE37400F6609B /* AppDelegate.swift */; };
		CF518F5C1E5BE37400F6609B /* TravelLocationsMapViewController.swift in Sources */ = {isa = PBXBuildFile; fileRef = CF518F5B1E5BE37400F6609B /* TravelLocationsMapViewController.swift */; };
		CF518F5F1E5BE37400F6609B /* Main.storyboard in Resources */ = {isa = PBXBuildFile; fileRef = CF518F5D1E5BE37400F6609B /* Main.storyboard */; };
		CF518F611E5BE37400F6609B /* Assets.xcassets in Resources */ = {isa = PBXBuildFile; fileRef = CF518F601E5BE37400F6609B /* Assets.xcassets */; };
		CF518F641E5BE37400F6609B /* LaunchScreen.storyboard in Resources */ = {isa = PBXBuildFile; fileRef = CF518F621E5BE37400F6609B /* LaunchScreen.storyboard */; };
		CF578B8D1E668FC600EB7723 /* TravelLocationsMapViewController+Extension.swift in Sources */ = {isa = PBXBuildFile; fileRef = CF578B8C1E668FC600EB7723 /* TravelLocationsMapViewController+Extension.swift */; };
		CF6DEC0C1E628252007F7ACB /* Annotation.swift in Sources */ = {isa = PBXBuildFile; fileRef = CF6DEC0B1E628252007F7ACB /* Annotation.swift */; };
		CFEB4CC01E67928A0054B289 /* GCDBlackBox.swift in Sources */ = {isa = PBXBuildFile; fileRef = CFEB4CBF1E67928A0054B289 /* GCDBlackBox.swift */; };
		CFEB4CC21E685FC50054B289 /* FlickrAPIConstants.swift in Sources */ = {isa = PBXBuildFile; fileRef = CFEB4CC11E685FC50054B289 /* FlickrAPIConstants.swift */; };
		CFEB4CC41E685FDC0054B289 /* FlickrAPIMethods.swift in Sources */ = {isa = PBXBuildFile; fileRef = CFEB4CC31E685FDC0054B289 /* FlickrAPIMethods.swift */; };
/* End PBXBuildFile section */

/* Begin PBXFileReference section */
		CF0DF1F31E5E8220006AD652 /* Lato-Black.ttf */ = {isa = PBXFileReference; lastKnownFileType = file; path = "Lato-Black.ttf"; sourceTree = "<group>"; };
		CF0DF1F41E5E8220006AD652 /* Lato-Bold.ttf */ = {isa = PBXFileReference; lastKnownFileType = file; path = "Lato-Bold.ttf"; sourceTree = "<group>"; };
		CF0DF1F51E5E8221006AD652 /* SF-UI-Text-Bold.otf */ = {isa = PBXFileReference; lastKnownFileType = file; path = "SF-UI-Text-Bold.otf"; sourceTree = "<group>"; };
		CF0DF1F61E5E8221006AD652 /* SF-UI-Text-Medium.otf */ = {isa = PBXFileReference; lastKnownFileType = file; path = "SF-UI-Text-Medium.otf"; sourceTree = "<group>"; };
		CF0DF1F71E5E8221006AD652 /* SF-UI-Text-Regular.otf */ = {isa = PBXFileReference; lastKnownFileType = file; path = "SF-UI-Text-Regular.otf"; sourceTree = "<group>"; };
		CF0DF1F81E5E8221006AD652 /* SF-UI-Text-Semibold.otf */ = {isa = PBXFileReference; lastKnownFileType = file; path = "SF-UI-Text-Semibold.otf"; sourceTree = "<group>"; };
		CF0DF1FF1E5EB20D006AD652 /* Constants.swift */ = {isa = PBXFileReference; fileEncoding = 4; lastKnownFileType = sourcecode.swift; path = Constants.swift; sourceTree = "<group>"; };
		CF0DF2011E5EB2AC006AD652 /* AppNavigationControllerDelegate.swift */ = {isa = PBXFileReference; fileEncoding = 4; lastKnownFileType = sourcecode.swift; path = AppNavigationControllerDelegate.swift; sourceTree = "<group>"; };
		CF4247E81E62596A004CF481 /* Model.xcdatamodel */ = {isa = PBXFileReference; lastKnownFileType = wrapper.xcdatamodel; path = Model.xcdatamodel; sourceTree = "<group>"; };
		CF4247EA1E62606E004CF481 /* CoreDataStack.swift */ = {isa = PBXFileReference; fileEncoding = 4; lastKnownFileType = sourcecode.swift; path = CoreDataStack.swift; sourceTree = "<group>"; };
		CF4247F81E62646D004CF481 /* Preset+CoreDataClass.swift */ = {isa = PBXFileReference; fileEncoding = 4; lastKnownFileType = sourcecode.swift; path = "Preset+CoreDataClass.swift"; sourceTree = "<group>"; };
		CF4247F91E62646D004CF481 /* Preset+CoreDataProperties.swift */ = {isa = PBXFileReference; fileEncoding = 4; lastKnownFileType = sourcecode.swift; path = "Preset+CoreDataProperties.swift"; sourceTree = "<group>"; };
		CF4247FA1E62646D004CF481 /* Pin+CoreDataClass.swift */ = {isa = PBXFileReference; fileEncoding = 4; lastKnownFileType = sourcecode.swift; path = "Pin+CoreDataClass.swift"; sourceTree = "<group>"; };
		CF4247FB1E62646D004CF481 /* Pin+CoreDataProperties.swift */ = {isa = PBXFileReference; fileEncoding = 4; lastKnownFileType = sourcecode.swift; path = "Pin+CoreDataProperties.swift"; sourceTree = "<group>"; };
		CF4247FC1E62646D004CF481 /* Photo+CoreDataClass.swift */ = {isa = PBXFileReference; fileEncoding = 4; lastKnownFileType = sourcecode.swift; path = "Photo+CoreDataClass.swift"; sourceTree = "<group>"; };
		CF4247FD1E62646D004CF481 /* Photo+CoreDataProperties.swift */ = {isa = PBXFileReference; fileEncoding = 4; lastKnownFileType = sourcecode.swift; path = "Photo+CoreDataProperties.swift"; sourceTree = "<group>"; };
		CF518F561E5BE37400F6609B /* Virtual Tourist.app */ = {isa = PBXFileReference; explicitFileType = wrapper.application; includeInIndex = 0; path = "Virtual Tourist.app"; sourceTree = BUILT_PRODUCTS_DIR; };
		CF518F591E5BE37400F6609B /* AppDelegate.swift */ = {isa = PBXFileReference; lastKnownFileType = sourcecode.swift; path = AppDelegate.swift; sourceTree = "<group>"; };
		CF518F5B1E5BE37400F6609B /* TravelLocationsMapViewController.swift */ = {isa = PBXFileReference; lastKnownFileType = sourcecode.swift; path = TravelLocationsMapViewController.swift; sourceTree = "<group>"; };
		CF518F5E1E5BE37400F6609B /* Base */ = {isa = PBXFileReference; lastKnownFileType = file.storyboard; name = Base; path = Base.lproj/Main.storyboard; sourceTree = "<group>"; };
		CF518F601E5BE37400F6609B /* Assets.xcassets */ = {isa = PBXFileReference; lastKnownFileType = folder.assetcatalog; path = Assets.xcassets; sourceTree = "<group>"; };
		CF518F631E5BE37400F6609B /* Base */ = {isa = PBXFileReference; lastKnownFileType = file.storyboard; name = Base; path = Base.lproj/LaunchScreen.storyboard; sourceTree = "<group>"; };
		CF518F651E5BE37400F6609B /* Info.plist */ = {isa = PBXFileReference; lastKnownFileType = text.plist.xml; path = Info.plist; sourceTree = "<group>"; };
		CF578B8C1E668FC600EB7723 /* TravelLocationsMapViewController+Extension.swift */ = {isa = PBXFileReference; fileEncoding = 4; lastKnownFileType = sourcecode.swift; path = "TravelLocationsMapViewController+Extension.swift"; sourceTree = "<group>"; };
		CF6DEC0B1E628252007F7ACB /* Annotation.swift */ = {isa = PBXFileReference; fileEncoding = 4; lastKnownFileType = sourcecode.swift; path = Annotation.swift; sourceTree = "<group>"; };
		CFC1AF391E69CE3A00EF7DFB /* Model-v1.xcdatamodel */ = {isa = PBXFileReference; lastKnownFileType = wrapper.xcdatamodel; path = "Model-v1.xcdatamodel"; sourceTree = "<group>"; };
		CFEB4CBF1E67928A0054B289 /* GCDBlackBox.swift */ = {isa = PBXFileReference; fileEncoding = 4; lastKnownFileType = sourcecode.swift; path = GCDBlackBox.swift; sourceTree = "<group>"; };
		CFEB4CC11E685FC50054B289 /* FlickrAPIConstants.swift */ = {isa = PBXFileReference; fileEncoding = 4; lastKnownFileType = sourcecode.swift; path = FlickrAPIConstants.swift; sourceTree = "<group>"; };
		CFEB4CC31E685FDC0054B289 /* FlickrAPIMethods.swift */ = {isa = PBXFileReference; fileEncoding = 4; lastKnownFileType = sourcecode.swift; path = FlickrAPIMethods.swift; sourceTree = "<group>"; };
/* End PBXFileReference section */

/* Begin PBXFrameworksBuildPhase section */
		CF518F531E5BE37400F6609B /* Frameworks */ = {
			isa = PBXFrameworksBuildPhase;
			buildActionMask = 2147483647;
			files = (
			);
			runOnlyForDeploymentPostprocessing = 0;
		};
/* End PBXFrameworksBuildPhase section */

/* Begin PBXGroup section */
		CF0DF1F11E5E80DA006AD652 /* Supporting Files */ = {
			isa = PBXGroup;
			children = (
				CF0DF1F21E5E80E9006AD652 /* Fonts */,
			);
			name = "Supporting Files";
			sourceTree = "<group>";
		};
		CF0DF1F21E5E80E9006AD652 /* Fonts */ = {
			isa = PBXGroup;
			children = (
				CF0DF1F31E5E8220006AD652 /* Lato-Black.ttf */,
				CF0DF1F41E5E8220006AD652 /* Lato-Bold.ttf */,
				CF0DF1F51E5E8221006AD652 /* SF-UI-Text-Bold.otf */,
				CF0DF1F61E5E8221006AD652 /* SF-UI-Text-Medium.otf */,
				CF0DF1F71E5E8221006AD652 /* SF-UI-Text-Regular.otf */,
				CF0DF1F81E5E8221006AD652 /* SF-UI-Text-Semibold.otf */,
			);
			name = Fonts;
			sourceTree = "<group>";
		};
		CF518F4D1E5BE37400F6609B = {
			isa = PBXGroup;
			children = (
				CF518F581E5BE37400F6609B /* Virtual Tourist */,
				CF518F571E5BE37400F6609B /* Products */,
			);
			sourceTree = "<group>";
		};
		CF518F571E5BE37400F6609B /* Products */ = {
			isa = PBXGroup;
			children = (
				CF518F561E5BE37400F6609B /* Virtual Tourist.app */,
			);
			name = Products;
			sourceTree = "<group>";
		};
		CF518F581E5BE37400F6609B /* Virtual Tourist */ = {
			isa = PBXGroup;
			children = (
				CF518F651E5BE37400F6609B /* Info.plist */,
				CF6DEC0B1E628252007F7ACB /* Annotation.swift */,
				CF518F591E5BE37400F6609B /* AppDelegate.swift */,
				CF0DF2011E5EB2AC006AD652 /* AppNavigationControllerDelegate.swift */,
				CF0DF1FF1E5EB20D006AD652 /* Constants.swift */,
				CF4247EA1E62606E004CF481 /* CoreDataStack.swift */,
				CFEB4CC11E685FC50054B289 /* FlickrAPIConstants.swift */,
				CFEB4CC31E685FDC0054B289 /* FlickrAPIMethods.swift */,
				CFEB4CBF1E67928A0054B289 /* GCDBlackBox.swift */,
				CF4247FC1E62646D004CF481 /* Photo+CoreDataClass.swift */,
				CF4247FD1E62646D004CF481 /* Photo+CoreDataProperties.swift */,
				CF4247FA1E62646D004CF481 /* Pin+CoreDataClass.swift */,
				CF4247FB1E62646D004CF481 /* Pin+CoreDataProperties.swift */,
				CF4247F81E62646D004CF481 /* Preset+CoreDataClass.swift */,
				CF4247F91E62646D004CF481 /* Preset+CoreDataProperties.swift */,
				CF518F5B1E5BE37400F6609B /* TravelLocationsMapViewController.swift */,
				CF578B8C1E668FC600EB7723 /* TravelLocationsMapViewController+Extension.swift */,
				CF518F601E5BE37400F6609B /* Assets.xcassets */,
				CF518F621E5BE37400F6609B /* LaunchScreen.storyboard */,
				CF518F5D1E5BE37400F6609B /* Main.storyboard */,
				CF4247E71E62596A004CF481 /* Model.xcdatamodeld */,
				CF0DF1F11E5E80DA006AD652 /* Supporting Files */,
			);
			path = "Virtual Tourist";
			sourceTree = "<group>";
		};
/* End PBXGroup section */

/* Begin PBXNativeTarget section */
		CF518F551E5BE37400F6609B /* Virtual Tourist */ = {
			isa = PBXNativeTarget;
			buildConfigurationList = CF518F681E5BE37400F6609B /* Build configuration list for PBXNativeTarget "Virtual Tourist" */;
			buildPhases = (
				CF518F521E5BE37400F6609B /* Sources */,
				CF518F531E5BE37400F6609B /* Frameworks */,
				CF518F541E5BE37400F6609B /* Resources */,
			);
			buildRules = (
			);
			dependencies = (
			);
			name = "Virtual Tourist";
			productName = "Virtual Tourist";
			productReference = CF518F561E5BE37400F6609B /* Virtual Tourist.app */;
			productType = "com.apple.product-type.application";
		};
/* End PBXNativeTarget section */

/* Begin PBXProject section */
		CF518F4E1E5BE37400F6609B /* Project object */ = {
			isa = PBXProject;
			attributes = {
				LastSwiftUpdateCheck = 0810;
				LastUpgradeCheck = 0810;
				ORGANIZATIONNAME = "Ramesh Parthasarathy";
				TargetAttributes = {
					CF518F551E5BE37400F6609B = {
						CreatedOnToolsVersion = 8.1;
						DevelopmentTeam = 2QP9NJ9GHE;
						ProvisioningStyle = Automatic;
					};
				};
			};
			buildConfigurationList = CF518F511E5BE37400F6609B /* Build configuration list for PBXProject "Virtual Tourist" */;
			compatibilityVersion = "Xcode 3.2";
			developmentRegion = English;
			hasScannedForEncodings = 0;
			knownRegions = (
				en,
				Base,
			);
			mainGroup = CF518F4D1E5BE37400F6609B;
			productRefGroup = CF518F571E5BE37400F6609B /* Products */;
			projectDirPath = "";
			projectRoot = "";
			targets = (
				CF518F551E5BE37400F6609B /* Virtual Tourist */,
			);
		};
/* End PBXProject section */

/* Begin PBXResourcesBuildPhase section */
		CF518F541E5BE37400F6609B /* Resources */ = {
			isa = PBXResourcesBuildPhase;
			buildActionMask = 2147483647;
			files = (
				CF0DF1FB1E5E8221006AD652 /* SF-UI-Text-Bold.otf in Resources */,
				CF0DF1F91E5E8221006AD652 /* Lato-Black.ttf in Resources */,
				CF0DF1FD1E5E8221006AD652 /* SF-UI-Text-Regular.otf in Resources */,
				CF0DF1FA1E5E8221006AD652 /* Lato-Bold.ttf in Resources */,
				CF518F641E5BE37400F6609B /* LaunchScreen.storyboard in Resources */,
				CF518F611E5BE37400F6609B /* Assets.xcassets in Resources */,
				CF0DF1FE1E5E8221006AD652 /* SF-UI-Text-Semibold.otf in Resources */,
				CF0DF1FC1E5E8221006AD652 /* SF-UI-Text-Medium.otf in Resources */,
				CF518F5F1E5BE37400F6609B /* Main.storyboard in Resources */,
			);
			runOnlyForDeploymentPostprocessing = 0;
		};
/* End PBXResourcesBuildPhase section */

/* Begin PBXSourcesBuildPhase section */
		CF518F521E5BE37400F6609B /* Sources */ = {
			isa = PBXSourcesBuildPhase;
			buildActionMask = 2147483647;
			files = (
				CF4248001E62646D004CF481 /* Pin+CoreDataClass.swift in Sources */,
				CF4248021E62646D004CF481 /* Photo+CoreDataClass.swift in Sources */,
				CF4247FF1E62646D004CF481 /* Preset+CoreDataProperties.swift in Sources */,
				CF0DF2021E5EB2AC006AD652 /* AppNavigationControllerDelegate.swift in Sources */,
				CFEB4CC01E67928A0054B289 /* GCDBlackBox.swift in Sources */,
				CFEB4CC21E685FC50054B289 /* FlickrAPIConstants.swift in Sources */,
				CF6DEC0C1E628252007F7ACB /* Annotation.swift in Sources */,
				CF4248011E62646D004CF481 /* Pin+CoreDataProperties.swift in Sources */,
				CFEB4CC41E685FDC0054B289 /* FlickrAPIMethods.swift in Sources */,
				CF578B8D1E668FC600EB7723 /* TravelLocationsMapViewController+Extension.swift in Sources */,
				CF518F5C1E5BE37400F6609B /* TravelLocationsMapViewController.swift in Sources */,
				CF4248031E62646D004CF481 /* Photo+CoreDataProperties.swift in Sources */,
				CF4247E91E62596A004CF481 /* Model.xcdatamodeld in Sources */,
				CF4247EB1E62606E004CF481 /* CoreDataStack.swift in Sources */,
				CF4247FE1E62646D004CF481 /* Preset+CoreDataClass.swift in Sources */,
				CF518F5A1E5BE37400F6609B /* AppDelegate.swift in Sources */,
				CF0DF2001E5EB20D006AD652 /* Constants.swift in Sources */,
			);
			runOnlyForDeploymentPostprocessing = 0;
		};
/* End PBXSourcesBuildPhase section */

/* Begin PBXVariantGroup section */
		CF518F5D1E5BE37400F6609B /* Main.storyboard */ = {
			isa = PBXVariantGroup;
			children = (
				CF518F5E1E5BE37400F6609B /* Base */,
			);
			name = Main.storyboard;
			sourceTree = "<group>";
		};
		CF518F621E5BE37400F6609B /* LaunchScreen.storyboard */ = {
			isa = PBXVariantGroup;
			children = (
				CF518F631E5BE37400F6609B /* Base */,
			);
			name = LaunchScreen.storyboard;
			sourceTree = "<group>";
		};
/* End PBXVariantGroup section */

/* Begin XCBuildConfiguration section */
		CF518F661E5BE37400F6609B /* Debug */ = {
			isa = XCBuildConfiguration;
			buildSettings = {
				ALWAYS_SEARCH_USER_PATHS = NO;
				CLANG_ANALYZER_NONNULL = YES;
				CLANG_CXX_LANGUAGE_STANDARD = "gnu++0x";
				CLANG_CXX_LIBRARY = "libc++";
				CLANG_ENABLE_MODULES = YES;
				CLANG_ENABLE_OBJC_ARC = YES;
				CLANG_WARN_BOOL_CONVERSION = YES;
				CLANG_WARN_CONSTANT_CONVERSION = YES;
				CLANG_WARN_DIRECT_OBJC_ISA_USAGE = YES_ERROR;
				CLANG_WARN_DOCUMENTATION_COMMENTS = YES;
				CLANG_WARN_EMPTY_BODY = YES;
				CLANG_WARN_ENUM_CONVERSION = YES;
				CLANG_WARN_INFINITE_RECURSION = YES;
				CLANG_WARN_INT_CONVERSION = YES;
				CLANG_WARN_OBJC_ROOT_CLASS = YES_ERROR;
				CLANG_WARN_SUSPICIOUS_MOVES = YES;
				CLANG_WARN_UNREACHABLE_CODE = YES;
				CLANG_WARN__DUPLICATE_METHOD_MATCH = YES;
				"CODE_SIGN_IDENTITY[sdk=iphoneos*]" = "iPhone Developer";
				COPY_PHASE_STRIP = NO;
				DEBUG_INFORMATION_FORMAT = dwarf;
				ENABLE_STRICT_OBJC_MSGSEND = YES;
				ENABLE_TESTABILITY = YES;
				GCC_C_LANGUAGE_STANDARD = gnu99;
				GCC_DYNAMIC_NO_PIC = NO;
				GCC_NO_COMMON_BLOCKS = YES;
				GCC_OPTIMIZATION_LEVEL = 0;
				GCC_PREPROCESSOR_DEFINITIONS = (
					"DEBUG=1",
					"$(inherited)",
				);
				GCC_WARN_64_TO_32_BIT_CONVERSION = YES;
				GCC_WARN_ABOUT_RETURN_TYPE = YES_ERROR;
				GCC_WARN_UNDECLARED_SELECTOR = YES;
				GCC_WARN_UNINITIALIZED_AUTOS = YES_AGGRESSIVE;
				GCC_WARN_UNUSED_FUNCTION = YES;
				GCC_WARN_UNUSED_VARIABLE = YES;
				IPHONEOS_DEPLOYMENT_TARGET = 10.0;
				MTL_ENABLE_DEBUG_INFO = YES;
				ONLY_ACTIVE_ARCH = YES;
				SDKROOT = iphoneos;
				SWIFT_ACTIVE_COMPILATION_CONDITIONS = DEBUG;
				SWIFT_OPTIMIZATION_LEVEL = "-Onone";
			};
			name = Debug;
		};
		CF518F671E5BE37400F6609B /* Release */ = {
			isa = XCBuildConfiguration;
			buildSettings = {
				ALWAYS_SEARCH_USER_PATHS = NO;
				CLANG_ANALYZER_NONNULL = YES;
				CLANG_CXX_LANGUAGE_STANDARD = "gnu++0x";
				CLANG_CXX_LIBRARY = "libc++";
				CLANG_ENABLE_MODULES = YES;
				CLANG_ENABLE_OBJC_ARC = YES;
				CLANG_WARN_BOOL_CONVERSION = YES;
				CLANG_WARN_CONSTANT_CONVERSION = YES;
				CLANG_WARN_DIRECT_OBJC_ISA_USAGE = YES_ERROR;
				CLANG_WARN_DOCUMENTATION_COMMENTS = YES;
				CLANG_WARN_EMPTY_BODY = YES;
				CLANG_WARN_ENUM_CONVERSION = YES;
				CLANG_WARN_INFINITE_RECURSION = YES;
				CLANG_WARN_INT_CONVERSION = YES;
				CLANG_WARN_OBJC_ROOT_CLASS = YES_ERROR;
				CLANG_WARN_SUSPICIOUS_MOVES = YES;
				CLANG_WARN_UNREACHABLE_CODE = YES;
				CLANG_WARN__DUPLICATE_METHOD_MATCH = YES;
				"CODE_SIGN_IDENTITY[sdk=iphoneos*]" = "iPhone Developer";
				COPY_PHASE_STRIP = NO;
				DEBUG_INFORMATION_FORMAT = "dwarf-with-dsym";
				ENABLE_NS_ASSERTIONS = NO;
				ENABLE_STRICT_OBJC_MSGSEND = YES;
				GCC_C_LANGUAGE_STANDARD = gnu99;
				GCC_NO_COMMON_BLOCKS = YES;
				GCC_WARN_64_TO_32_BIT_CONVERSION = YES;
				GCC_WARN_ABOUT_RETURN_TYPE = YES_ERROR;
				GCC_WARN_UNDECLARED_SELECTOR = YES;
				GCC_WARN_UNINITIALIZED_AUTOS = YES_AGGRESSIVE;
				GCC_WARN_UNUSED_FUNCTION = YES;
				GCC_WARN_UNUSED_VARIABLE = YES;
				IPHONEOS_DEPLOYMENT_TARGET = 10.0;
				MTL_ENABLE_DEBUG_INFO = NO;
				SDKROOT = iphoneos;
				SWIFT_OPTIMIZATION_LEVEL = "-Owholemodule";
				VALIDATE_PRODUCT = YES;
			};
			name = Release;
		};
		CF518F691E5BE37400F6609B /* Debug */ = {
			isa = XCBuildConfiguration;
			buildSettings = {
				ASSETCATALOG_COMPILER_APPICON_NAME = AppIcon;
				DEVELOPMENT_TEAM = 2QP9NJ9GHE;
				INFOPLIST_FILE = "Virtual Tourist/Info.plist";
				IPHONEOS_DEPLOYMENT_TARGET = 10.0;
				LD_RUNPATH_SEARCH_PATHS = "$(inherited) @executable_path/Frameworks";
				PRODUCT_BUNDLE_IDENTIFIER = "com.rameshparthasarathy.Virtual-Tourist";
				PRODUCT_NAME = "$(TARGET_NAME)";
				SWIFT_VERSION = 3.0;
			};
			name = Debug;
		};
		CF518F6A1E5BE37400F6609B /* Release */ = {
			isa = XCBuildConfiguration;
			buildSettings = {
				ASSETCATALOG_COMPILER_APPICON_NAME = AppIcon;
				DEVELOPMENT_TEAM = 2QP9NJ9GHE;
				INFOPLIST_FILE = "Virtual Tourist/Info.plist";
				IPHONEOS_DEPLOYMENT_TARGET = 10.0;
				LD_RUNPATH_SEARCH_PATHS = "$(inherited) @executable_path/Frameworks";
				PRODUCT_BUNDLE_IDENTIFIER = "com.rameshparthasarathy.Virtual-Tourist";
				PRODUCT_NAME = "$(TARGET_NAME)";
				SWIFT_VERSION = 3.0;
			};
			name = Release;
		};
/* End XCBuildConfiguration section */

/* Begin XCConfigurationList section */
		CF518F511E5BE37400F6609B /* Build configuration list for PBXProject "Virtual Tourist" */ = {
			isa = XCConfigurationList;
			buildConfigurations = (
				CF518F661E5BE37400F6609B /* Debug */,
				CF518F671E5BE37400F6609B /* Release */,
			);
			defaultConfigurationIsVisible = 0;
			defaultConfigurationName = Release;
		};
		CF518F681E5BE37400F6609B /* Build configuration list for PBXNativeTarget "Virtual Tourist" */ = {
			isa = XCConfigurationList;
			buildConfigurations = (
				CF518F691E5BE37400F6609B /* Debug */,
				CF518F6A1E5BE37400F6609B /* Release */,
			);
			defaultConfigurationIsVisible = 0;
			defaultConfigurationName = Release;
		};
/* End XCConfigurationList section */

/* Begin XCVersionGroup section */
		CF4247E71E62596A004CF481 /* Model.xcdatamodeld */ = {
			isa = XCVersionGroup;
			children = (
				CFC1AF391E69CE3A00EF7DFB /* Model-v1.xcdatamodel */,
				CF4247E81E62596A004CF481 /* Model.xcdatamodel */,
			);
			currentVersion = CFC1AF391E69CE3A00EF7DFB /* Model-v1.xcdatamodel */;
			path = Model.xcdatamodeld;
			sourceTree = "<group>";
			versionGroupType = wrapper.xcdatamodel;
		};
/* End XCVersionGroup section */
	};
	rootObject = CF518F4E1E5BE37400F6609B /* Project object */;
}
